
Microsoft Visual Studio Solution File, Format Version 12.00
# Visual Studio Version 16
VisualStudioVersion = 16.0.31321.278
MinimumVisualStudioVersion = 10.0.40219.1
Project("{FAE04EC0-301F-11D3-BF4B-00C04F79EFBC}") = "dotBAT-UI", "dotBAT-UI\dotBAT-UI.csproj", "{CEBEBCED-C485-4CBE-A5C6-CAAC3E662733}"
EndProject
Global
	GlobalSection(SolutionConfigurationPlatforms) = preSolution
		Debug|Any CPU = Debug|Any CPU
		Release|Any CPU = Release|Any CPU
	EndGlobalSection
	GlobalSection(ProjectConfigurationPlatforms) = postSolution
		{CEBEBCED-C485-4CBE-A5C6-CAAC3E662733}.Debug|Any CPU.ActiveCfg = Debug|Any CPU
		{CEBEBCED-C485-4CBE-A5C6-CAAC3E662733}.Debug|Any CPU.Build.0 = Debug|Any CPU
		{CEBEBCED-C485-4CBE-A5C6-CAAC3E662733}.Release|Any CPU.ActiveCfg = Release|Any CPU
		{CEBEBCED-C485-4CBE-A5C6-CAAC3E662733}.Release|Any CPU.Build.0 = Release|Any CPU
	EndGlobalSection
	GlobalSection(SolutionProperties) = preSolution
		HideSolutionNode = FALSE
	EndGlobalSection
	GlobalSection(ExtensibilityGlobals) = postSolution
		SolutionGuid = {2095B028-A91C-46BA-9E4C-62403E601EAB}
	EndGlobalSection
EndGlobal
